// !$*UTF8*$!
{
	archiveVersion = 1;
	classes = {
	};
	objectVersion = 56;
	objects = {

/* Begin PBXBuildFile section */
		A4B73DB42BDD31BC00A621FC /* WeatherApp.swift in Sources */ = {isa = PBXBuildFile; fileRef = A4B73DB32BDD31BC00A621FC /* WeatherApp.swift */; };
		A4B73DB82BDD31BD00A621FC /* Assets.xcassets in Resources */ = {isa = PBXBuildFile; fileRef = A4B73DB72BDD31BD00A621FC /* Assets.xcassets */; };
		A4B73DC52BDD329900A621FC /* HomeView.swift in Sources */ = {isa = PBXBuildFile; fileRef = A4B73DC42BDD329900A621FC /* HomeView.swift */; };
		A4B73DCC2BDD33DD00A621FC /* ConnectionType.swift in Sources */ = {isa = PBXBuildFile; fileRef = A4B73DCB2BDD33DD00A621FC /* ConnectionType.swift */; };
		A4B73DCE2BDD33EE00A621FC /* NetworkMonitor.swift in Sources */ = {isa = PBXBuildFile; fileRef = A4B73DCD2BDD33EE00A621FC /* NetworkMonitor.swift */; };
		A4B73DD02BDD340E00A621FC /* HTTPNetworkServiceError.swift in Sources */ = {isa = PBXBuildFile; fileRef = A4B73DCF2BDD340E00A621FC /* HTTPNetworkServiceError.swift */; };
		A4B73DD22BDD345800A621FC /* RequestBuilder.swift in Sources */ = {isa = PBXBuildFile; fileRef = A4B73DD12BDD345800A621FC /* RequestBuilder.swift */; };
		A4B73DD42BDD347500A621FC /* NetworkService.swift in Sources */ = {isa = PBXBuildFile; fileRef = A4B73DD32BDD347500A621FC /* NetworkService.swift */; };
		A4B73DD62BDD348A00A621FC /* INetworkRequest.swift in Sources */ = {isa = PBXBuildFile; fileRef = A4B73DD52BDD348A00A621FC /* INetworkRequest.swift */; };
		A4B73DDA2BDD362900A621FC /* WeatherManager.swift in Sources */ = {isa = PBXBuildFile; fileRef = A4B73DD92BDD362900A621FC /* WeatherManager.swift */; };
		A4B73DE02BDD36D100A621FC /* WeatherRequest.swift in Sources */ = {isa = PBXBuildFile; fileRef = A4B73DDF2BDD36D100A621FC /* WeatherRequest.swift */; };
		A4B73DE22BDD36E300A621FC /* WeatherResponse.swift in Sources */ = {isa = PBXBuildFile; fileRef = A4B73DE12BDD36E300A621FC /* WeatherResponse.swift */; };
		A4B73DE42BDD370000A621FC /* ForecastRequest.swift in Sources */ = {isa = PBXBuildFile; fileRef = A4B73DE32BDD370000A621FC /* ForecastRequest.swift */; };
		A4B73DE62BDD370C00A621FC /* ForecastResponse.swift in Sources */ = {isa = PBXBuildFile; fileRef = A4B73DE52BDD370B00A621FC /* ForecastResponse.swift */; };
		A4B73DE82BDD373000A621FC /* Constants.swift in Sources */ = {isa = PBXBuildFile; fileRef = A4B73DE72BDD373000A621FC /* Constants.swift */; };
		A4B73DEA2BDD379200A621FC /* WeatherModel.swift in Sources */ = {isa = PBXBuildFile; fileRef = A4B73DE92BDD379200A621FC /* WeatherModel.swift */; };
/* End PBXBuildFile section */

/* Begin PBXFileReference section */
		A4B73DB02BDD31BC00A621FC /* Weather.app */ = {isa = PBXFileReference; explicitFileType = wrapper.application; includeInIndex = 0; path = Weather.app; sourceTree = BUILT_PRODUCTS_DIR; };
		A4B73DB32BDD31BC00A621FC /* WeatherApp.swift */ = {isa = PBXFileReference; lastKnownFileType = sourcecode.swift; path = WeatherApp.swift; sourceTree = "<group>"; };
		A4B73DB72BDD31BD00A621FC /* Assets.xcassets */ = {isa = PBXFileReference; lastKnownFileType = folder.assetcatalog; path = Assets.xcassets; sourceTree = "<group>"; };
		A4B73DC42BDD329900A621FC /* HomeView.swift */ = {isa = PBXFileReference; lastKnownFileType = sourcecode.swift; path = HomeView.swift; sourceTree = "<group>"; };
		A4B73DCB2BDD33DD00A621FC /* ConnectionType.swift */ = {isa = PBXFileReference; lastKnownFileType = sourcecode.swift; path = ConnectionType.swift; sourceTree = "<group>"; };
		A4B73DCD2BDD33EE00A621FC /* NetworkMonitor.swift */ = {isa = PBXFileReference; lastKnownFileType = sourcecode.swift; path = NetworkMonitor.swift; sourceTree = "<group>"; };
		A4B73DCF2BDD340E00A621FC /* HTTPNetworkServiceError.swift */ = {isa = PBXFileReference; lastKnownFileType = sourcecode.swift; path = HTTPNetworkServiceError.swift; sourceTree = "<group>"; };
		A4B73DD12BDD345800A621FC /* RequestBuilder.swift */ = {isa = PBXFileReference; lastKnownFileType = sourcecode.swift; path = RequestBuilder.swift; sourceTree = "<group>"; };
		A4B73DD32BDD347500A621FC /* NetworkService.swift */ = {isa = PBXFileReference; lastKnownFileType = sourcecode.swift; path = NetworkService.swift; sourceTree = "<group>"; };
		A4B73DD52BDD348A00A621FC /* INetworkRequest.swift */ = {isa = PBXFileReference; lastKnownFileType = sourcecode.swift; path = INetworkRequest.swift; sourceTree = "<group>"; };
		A4B73DD92BDD362900A621FC /* WeatherManager.swift */ = {isa = PBXFileReference; lastKnownFileType = sourcecode.swift; path = WeatherManager.swift; sourceTree = "<group>"; };
		A4B73DDF2BDD36D100A621FC /* WeatherRequest.swift */ = {isa = PBXFileReference; lastKnownFileType = sourcecode.swift; path = WeatherRequest.swift; sourceTree = "<group>"; };
		A4B73DE12BDD36E300A621FC /* WeatherResponse.swift */ = {isa = PBXFileReference; lastKnownFileType = sourcecode.swift; path = WeatherResponse.swift; sourceTree = "<group>"; };
		A4B73DE32BDD370000A621FC /* ForecastRequest.swift */ = {isa = PBXFileReference; lastKnownFileType = sourcecode.swift; path = ForecastRequest.swift; sourceTree = "<group>"; };
		A4B73DE52BDD370B00A621FC /* ForecastResponse.swift */ = {isa = PBXFileReference; lastKnownFileType = sourcecode.swift; path = ForecastResponse.swift; sourceTree = "<group>"; };
		A4B73DE72BDD373000A621FC /* Constants.swift */ = {isa = PBXFileReference; lastKnownFileType = sourcecode.swift; path = Constants.swift; sourceTree = "<group>"; };
		A4B73DE92BDD379200A621FC /* WeatherModel.swift */ = {isa = PBXFileReference; lastKnownFileType = sourcecode.swift; path = WeatherModel.swift; sourceTree = "<group>"; };
/* End PBXFileReference section */

/* Begin PBXFrameworksBuildPhase section */
		A4B73DAD2BDD31BC00A621FC /* Frameworks */ = {
			isa = PBXFrameworksBuildPhase;
			buildActionMask = 2147483647;
			files = (
			);
			runOnlyForDeploymentPostprocessing = 0;
		};
/* End PBXFrameworksBuildPhase section */

/* Begin PBXGroup section */
		A4B73DA72BDD31BC00A621FC = {
			isa = PBXGroup;
			children = (
				A4B73DB22BDD31BC00A621FC /* Weather */,
				A4B73DB12BDD31BC00A621FC /* Products */,
			);
			sourceTree = "<group>";
		};
		A4B73DB12BDD31BC00A621FC /* Products */ = {
			isa = PBXGroup;
			children = (
				A4B73DB02BDD31BC00A621FC /* Weather.app */,
			);
			name = Products;
			sourceTree = "<group>";
		};
		A4B73DB22BDD31BC00A621FC /* Weather */ = {
			isa = PBXGroup;
			children = (
				A4B73DB32BDD31BC00A621FC /* WeatherApp.swift */,
				A4B73DC12BDD322000A621FC /* Resources */,
				A4B73DC22BDD325500A621FC /* Screens */,
				A4B73DDB2BDD368200A621FC /* Models */,
				A4B73DC82BDD32F200A621FC /* Services */,
				A4B73DC62BDD32B400A621FC /* Managers */,
			);
			path = Weather;
			sourceTree = "<group>";
		};
		A4B73DC12BDD322000A621FC /* Resources */ = {
			isa = PBXGroup;
			children = (
				A4B73DB72BDD31BD00A621FC /* Assets.xcassets */,
				A4B73DE72BDD373000A621FC /* Constants.swift */,
			);
			path = Resources;
			sourceTree = "<group>";
		};
		A4B73DC22BDD325500A621FC /* Screens */ = {
			isa = PBXGroup;
			children = (
				A4B73DC32BDD327B00A621FC /* HomeView */,
			);
			path = Screens;
			sourceTree = "<group>";
		};
		A4B73DC32BDD327B00A621FC /* HomeView */ = {
			isa = PBXGroup;
			children = (
				A4B73DC42BDD329900A621FC /* HomeView.swift */,
			);
			path = HomeView;
			sourceTree = "<group>";
		};
		A4B73DC62BDD32B400A621FC /* Managers */ = {
			isa = PBXGroup;
			children = (
				A4B73DD72BDD360600A621FC /* WeatherManager */,
			);
			path = Managers;
			sourceTree = "<group>";
		};
		A4B73DC82BDD32F200A621FC /* Services */ = {
			isa = PBXGroup;
			children = (
				A4B73DC92BDD33AD00A621FC /* NetworkService */,
			);
			path = Services;
			sourceTree = "<group>";
		};
		A4B73DC92BDD33AD00A621FC /* NetworkService */ = {
			isa = PBXGroup;
			children = (
				A4B73DCA2BDD33C200A621FC /* NetworkMonitor */,
				A4B73DCF2BDD340E00A621FC /* HTTPNetworkServiceError.swift */,
				A4B73DD12BDD345800A621FC /* RequestBuilder.swift */,
				A4B73DD52BDD348A00A621FC /* INetworkRequest.swift */,
				A4B73DD32BDD347500A621FC /* NetworkService.swift */,
			);
			path = NetworkService;
			sourceTree = "<group>";
		};
		A4B73DCA2BDD33C200A621FC /* NetworkMonitor */ = {
			isa = PBXGroup;
			children = (
				A4B73DCB2BDD33DD00A621FC /* ConnectionType.swift */,
				A4B73DCD2BDD33EE00A621FC /* NetworkMonitor.swift */,
			);
			path = NetworkMonitor;
			sourceTree = "<group>";
		};
		A4B73DD72BDD360600A621FC /* WeatherManager */ = {
			isa = PBXGroup;
			children = (
				A4B73DD92BDD362900A621FC /* WeatherManager.swift */,
			);
			path = WeatherManager;
			sourceTree = "<group>";
		};
		A4B73DDB2BDD368200A621FC /* Models */ = {
			isa = PBXGroup;
			children = (
				A4B73DDC2BDD368C00A621FC /* Network */,
			);
			path = Models;
			sourceTree = "<group>";
		};
		A4B73DDC2BDD368C00A621FC /* Network */ = {
			isa = PBXGroup;
			children = (
				A4B73DDE2BDD36C200A621FC /* Forecast */,
				A4B73DDD2BDD36BC00A621FC /* Weather */,
				A4B73DE92BDD379200A621FC /* WeatherModel.swift */,
			);
			path = Network;
			sourceTree = "<group>";
		};
		A4B73DDD2BDD36BC00A621FC /* Weather */ = {
			isa = PBXGroup;
			children = (
				A4B73DDF2BDD36D100A621FC /* WeatherRequest.swift */,
				A4B73DE12BDD36E300A621FC /* WeatherResponse.swift */,
			);
			path = Weather;
			sourceTree = "<group>";
		};
		A4B73DDE2BDD36C200A621FC /* Forecast */ = {
			isa = PBXGroup;
			children = (
				A4B73DE32BDD370000A621FC /* ForecastRequest.swift */,
				A4B73DE52BDD370B00A621FC /* ForecastResponse.swift */,
			);
			path = Forecast;
			sourceTree = "<group>";
		};
/* End PBXGroup section */

/* Begin PBXNativeTarget section */
		A4B73DAF2BDD31BC00A621FC /* Weather */ = {
			isa = PBXNativeTarget;
			buildConfigurationList = A4B73DBE2BDD31BD00A621FC /* Build configuration list for PBXNativeTarget "Weather" */;
			buildPhases = (
				A4B73DAC2BDD31BC00A621FC /* Sources */,
				A4B73DAD2BDD31BC00A621FC /* Frameworks */,
				A4B73DAE2BDD31BC00A621FC /* Resources */,
			);
			buildRules = (
			);
			dependencies = (
			);
			name = Weather;
			productName = Weather;
			productReference = A4B73DB02BDD31BC00A621FC /* Weather.app */;
			productType = "com.apple.product-type.application";
		};
/* End PBXNativeTarget section */

/* Begin PBXProject section */
		A4B73DA82BDD31BC00A621FC /* Project object */ = {
			isa = PBXProject;
			attributes = {
				BuildIndependentTargetsInParallel = 1;
				LastSwiftUpdateCheck = 1530;
				LastUpgradeCheck = 1530;
				TargetAttributes = {
					A4B73DAF2BDD31BC00A621FC = {
						CreatedOnToolsVersion = 15.3;
					};
				};
			};
			buildConfigurationList = A4B73DAB2BDD31BC00A621FC /* Build configuration list for PBXProject "Weather" */;
			compatibilityVersion = "Xcode 14.0";
			developmentRegion = en;
			hasScannedForEncodings = 0;
			knownRegions = (
				en,
				Base,
			);
			mainGroup = A4B73DA72BDD31BC00A621FC;
			productRefGroup = A4B73DB12BDD31BC00A621FC /* Products */;
			projectDirPath = "";
			projectRoot = "";
			targets = (
				A4B73DAF2BDD31BC00A621FC /* Weather */,
			);
		};
/* End PBXProject section */

/* Begin PBXResourcesBuildPhase section */
		A4B73DAE2BDD31BC00A621FC /* Resources */ = {
			isa = PBXResourcesBuildPhase;
			buildActionMask = 2147483647;
			files = (
				A4B73DB82BDD31BD00A621FC /* Assets.xcassets in Resources */,
			);
			runOnlyForDeploymentPostprocessing = 0;
		};
/* End PBXResourcesBuildPhase section */

/* Begin PBXSourcesBuildPhase section */
		A4B73DAC2BDD31BC00A621FC /* Sources */ = {
			isa = PBXSourcesBuildPhase;
			buildActionMask = 2147483647;
			files = (
				A4B73DE42BDD370000A621FC /* ForecastRequest.swift in Sources */,
				A4B73DCC2BDD33DD00A621FC /* ConnectionType.swift in Sources */,
				A4B73DCE2BDD33EE00A621FC /* NetworkMonitor.swift in Sources */,
				A4B73DE62BDD370C00A621FC /* ForecastResponse.swift in Sources */,
				A4B73DEA2BDD379200A621FC /* WeatherModel.swift in Sources */,
				A4B73DB42BDD31BC00A621FC /* WeatherApp.swift in Sources */,
				A4B73DE22BDD36E300A621FC /* WeatherResponse.swift in Sources */,
				A4B73DD22BDD345800A621FC /* RequestBuilder.swift in Sources */,
				A4B73DD62BDD348A00A621FC /* INetworkRequest.swift in Sources */,
				A4B73DC52BDD329900A621FC /* HomeView.swift in Sources */,
				A4B73DDA2BDD362900A621FC /* WeatherManager.swift in Sources */,
				A4B73DD02BDD340E00A621FC /* HTTPNetworkServiceError.swift in Sources */,
				A4B73DE82BDD373000A621FC /* Constants.swift in Sources */,
				A4B73DE02BDD36D100A621FC /* WeatherRequest.swift in Sources */,
				A4B73DD42BDD347500A621FC /* NetworkService.swift in Sources */,
			);
			runOnlyForDeploymentPostprocessing = 0;
		};
/* End PBXSourcesBuildPhase section */

/* Begin XCBuildConfiguration section */
		A4B73DBC2BDD31BD00A621FC /* Debug */ = {
			isa = XCBuildConfiguration;
			buildSettings = {
				ALWAYS_SEARCH_USER_PATHS = NO;
				ASSETCATALOG_COMPILER_GENERATE_SWIFT_ASSET_SYMBOL_EXTENSIONS = YES;
				CLANG_ANALYZER_NONNULL = YES;
				CLANG_ANALYZER_NUMBER_OBJECT_CONVERSION = YES_AGGRESSIVE;
				CLANG_CXX_LANGUAGE_STANDARD = "gnu++20";
				CLANG_ENABLE_MODULES = YES;
				CLANG_ENABLE_OBJC_ARC = YES;
				CLANG_ENABLE_OBJC_WEAK = YES;
				CLANG_WARN_BLOCK_CAPTURE_AUTORELEASING = YES;
				CLANG_WARN_BOOL_CONVERSION = YES;
				CLANG_WARN_COMMA = YES;
				CLANG_WARN_CONSTANT_CONVERSION = YES;
				CLANG_WARN_DEPRECATED_OBJC_IMPLEMENTATIONS = YES;
				CLANG_WARN_DIRECT_OBJC_ISA_USAGE = YES_ERROR;
				CLANG_WARN_DOCUMENTATION_COMMENTS = YES;
				CLANG_WARN_EMPTY_BODY = YES;
				CLANG_WARN_ENUM_CONVERSION = YES;
				CLANG_WARN_INFINITE_RECURSION = YES;
				CLANG_WARN_INT_CONVERSION = YES;
				CLANG_WARN_NON_LITERAL_NULL_CONVERSION = YES;
				CLANG_WARN_OBJC_IMPLICIT_RETAIN_SELF = YES;
				CLANG_WARN_OBJC_LITERAL_CONVERSION = YES;
				CLANG_WARN_OBJC_ROOT_CLASS = YES_ERROR;
				CLANG_WARN_QUOTED_INCLUDE_IN_FRAMEWORK_HEADER = YES;
				CLANG_WARN_RANGE_LOOP_ANALYSIS = YES;
				CLANG_WARN_STRICT_PROTOTYPES = YES;
				CLANG_WARN_SUSPICIOUS_MOVE = YES;
				CLANG_WARN_UNGUARDED_AVAILABILITY = YES_AGGRESSIVE;
				CLANG_WARN_UNREACHABLE_CODE = YES;
				CLANG_WARN__DUPLICATE_METHOD_MATCH = YES;
				COPY_PHASE_STRIP = NO;
				DEBUG_INFORMATION_FORMAT = dwarf;
				ENABLE_STRICT_OBJC_MSGSEND = YES;
				ENABLE_TESTABILITY = YES;
				ENABLE_USER_SCRIPT_SANDBOXING = YES;
				GCC_C_LANGUAGE_STANDARD = gnu17;
				GCC_DYNAMIC_NO_PIC = NO;
				GCC_NO_COMMON_BLOCKS = YES;
				GCC_OPTIMIZATION_LEVEL = 0;
				GCC_PREPROCESSOR_DEFINITIONS = (
					"DEBUG=1",
					"$(inherited)",
				);
				GCC_WARN_64_TO_32_BIT_CONVERSION = YES;
				GCC_WARN_ABOUT_RETURN_TYPE = YES_ERROR;
				GCC_WARN_UNDECLARED_SELECTOR = YES;
				GCC_WARN_UNINITIALIZED_AUTOS = YES_AGGRESSIVE;
				GCC_WARN_UNUSED_FUNCTION = YES;
				GCC_WARN_UNUSED_VARIABLE = YES;
				IPHONEOS_DEPLOYMENT_TARGET = 17.4;
				LOCALIZATION_PREFERS_STRING_CATALOGS = YES;
				MTL_ENABLE_DEBUG_INFO = INCLUDE_SOURCE;
				MTL_FAST_MATH = YES;
				ONLY_ACTIVE_ARCH = YES;
				SDKROOT = iphoneos;
				SWIFT_ACTIVE_COMPILATION_CONDITIONS = "DEBUG $(inherited)";
				SWIFT_OPTIMIZATION_LEVEL = "-Onone";
			};
			name = Debug;
		};
		A4B73DBD2BDD31BD00A621FC /* Release */ = {
			isa = XCBuildConfiguration;
			buildSettings = {
				ALWAYS_SEARCH_USER_PATHS = NO;
				ASSETCATALOG_COMPILER_GENERATE_SWIFT_ASSET_SYMBOL_EXTENSIONS = YES;
				CLANG_ANALYZER_NONNULL = YES;
				CLANG_ANALYZER_NUMBER_OBJECT_CONVERSION = YES_AGGRESSIVE;
				CLANG_CXX_LANGUAGE_STANDARD = "gnu++20";
				CLANG_ENABLE_MODULES = YES;
				CLANG_ENABLE_OBJC_ARC = YES;
				CLANG_ENABLE_OBJC_WEAK = YES;
				CLANG_WARN_BLOCK_CAPTURE_AUTORELEASING = YES;
				CLANG_WARN_BOOL_CONVERSION = YES;
				CLANG_WARN_COMMA = YES;
				CLANG_WARN_CONSTANT_CONVERSION = YES;
				CLANG_WARN_DEPRECATED_OBJC_IMPLEMENTATIONS = YES;
				CLANG_WARN_DIRECT_OBJC_ISA_USAGE = YES_ERROR;
				CLANG_WARN_DOCUMENTATION_COMMENTS = YES;
				CLANG_WARN_EMPTY_BODY = YES;
				CLANG_WARN_ENUM_CONVERSION = YES;
				CLANG_WARN_INFINITE_RECURSION = YES;
				CLANG_WARN_INT_CONVERSION = YES;
				CLANG_WARN_NON_LITERAL_NULL_CONVERSION = YES;
				CLANG_WARN_OBJC_IMPLICIT_RETAIN_SELF = YES;
				CLANG_WARN_OBJC_LITERAL_CONVERSION = YES;
				CLANG_WARN_OBJC_ROOT_CLASS = YES_ERROR;
				CLANG_WARN_QUOTED_INCLUDE_IN_FRAMEWORK_HEADER = YES;
				CLANG_WARN_RANGE_LOOP_ANALYSIS = YES;
				CLANG_WARN_STRICT_PROTOTYPES = YES;
				CLANG_WARN_SUSPICIOUS_MOVE = YES;
				CLANG_WARN_UNGUARDED_AVAILABILITY = YES_AGGRESSIVE;
				CLANG_WARN_UNREACHABLE_CODE = YES;
				CLANG_WARN__DUPLICATE_METHOD_MATCH = YES;
				COPY_PHASE_STRIP = NO;
				DEBUG_INFORMATION_FORMAT = "dwarf-with-dsym";
				ENABLE_NS_ASSERTIONS = NO;
				ENABLE_STRICT_OBJC_MSGSEND = YES;
				ENABLE_USER_SCRIPT_SANDBOXING = YES;
				GCC_C_LANGUAGE_STANDARD = gnu17;
				GCC_NO_COMMON_BLOCKS = YES;
				GCC_WARN_64_TO_32_BIT_CONVERSION = YES;
				GCC_WARN_ABOUT_RETURN_TYPE = YES_ERROR;
				GCC_WARN_UNDECLARED_SELECTOR = YES;
				GCC_WARN_UNINITIALIZED_AUTOS = YES_AGGRESSIVE;
				GCC_WARN_UNUSED_FUNCTION = YES;
				GCC_WARN_UNUSED_VARIABLE = YES;
				IPHONEOS_DEPLOYMENT_TARGET = 17.4;
				LOCALIZATION_PREFERS_STRING_CATALOGS = YES;
				MTL_ENABLE_DEBUG_INFO = NO;
				MTL_FAST_MATH = YES;
				SDKROOT = iphoneos;
				SWIFT_COMPILATION_MODE = wholemodule;
				VALIDATE_PRODUCT = YES;
			};
			name = Release;
		};
		A4B73DBF2BDD31BD00A621FC /* Debug */ = {
			isa = XCBuildConfiguration;
			buildSettings = {
				ASSETCATALOG_COMPILER_APPICON_NAME = AppIcon;
				ASSETCATALOG_COMPILER_GLOBAL_ACCENT_COLOR_NAME = AccentColor;
				CODE_SIGN_STYLE = Automatic;
				CURRENT_PROJECT_VERSION = 1;
				DEVELOPMENT_TEAM = UV4BPKP674;
				ENABLE_PREVIEWS = YES;
				GENERATE_INFOPLIST_FILE = YES;
				INFOPLIST_KEY_UIApplicationSceneManifest_Generation = YES;
				INFOPLIST_KEY_UIApplicationSupportsIndirectInputEvents = YES;
				INFOPLIST_KEY_UILaunchScreen_Generation = YES;
				INFOPLIST_KEY_UISupportedInterfaceOrientations_iPad = "UIInterfaceOrientationPortrait UIInterfaceOrientationPortraitUpsideDown UIInterfaceOrientationLandscapeLeft UIInterfaceOrientationLandscapeRight";
				INFOPLIST_KEY_UISupportedInterfaceOrientations_iPhone = "UIInterfaceOrientationPortrait UIInterfaceOrientationLandscapeLeft UIInterfaceOrientationLandscapeRight";
				LD_RUNPATH_SEARCH_PATHS = (
					"$(inherited)",
					"@executable_path/Frameworks",
				);
				MARKETING_VERSION = 1.0;
				PRODUCT_BUNDLE_IDENTIFIER = com.vsv.Weather;
				PRODUCT_NAME = "$(TARGET_NAME)";
				SWIFT_EMIT_LOC_STRINGS = YES;
				SWIFT_VERSION = 5.0;
				TARGETED_DEVICE_FAMILY = "1,2";
			};
			name = Debug;
		};
		A4B73DC02BDD31BD00A621FC /* Release */ = {
			isa = XCBuildConfiguration;
			buildSettings = {
				ASSETCATALOG_COMPILER_APPICON_NAME = AppIcon;
				ASSETCATALOG_COMPILER_GLOBAL_ACCENT_COLOR_NAME = AccentColor;
				CODE_SIGN_STYLE = Automatic;
				CURRENT_PROJECT_VERSION = 1;
				DEVELOPMENT_TEAM = UV4BPKP674;
				ENABLE_PREVIEWS = YES;
				GENERATE_INFOPLIST_FILE = YES;
				INFOPLIST_KEY_UIApplicationSceneManifest_Generation = YES;
				INFOPLIST_KEY_UIApplicationSupportsIndirectInputEvents = YES;
				INFOPLIST_KEY_UILaunchScreen_Generation = YES;
				INFOPLIST_KEY_UISupportedInterfaceOrientations_iPad = "UIInterfaceOrientationPortrait UIInterfaceOrientationPortraitUpsideDown UIInterfaceOrientationLandscapeLeft UIInterfaceOrientationLandscapeRight";
				INFOPLIST_KEY_UISupportedInterfaceOrientations_iPhone = "UIInterfaceOrientationPortrait UIInterfaceOrientationLandscapeLeft UIInterfaceOrientationLandscapeRight";
				LD_RUNPATH_SEARCH_PATHS = (
					"$(inherited)",
					"@executable_path/Frameworks",
				);
				MARKETING_VERSION = 1.0;
				PRODUCT_BUNDLE_IDENTIFIER = com.vsv.Weather;
				PRODUCT_NAME = "$(TARGET_NAME)";
				SWIFT_EMIT_LOC_STRINGS = YES;
				SWIFT_VERSION = 5.0;
				TARGETED_DEVICE_FAMILY = "1,2";
			};
			name = Release;
		};
/* End XCBuildConfiguration section */

/* Begin XCConfigurationList section */
		A4B73DAB2BDD31BC00A621FC /* Build configuration list for PBXProject "Weather" */ = {
			isa = XCConfigurationList;
			buildConfigurations = (
				A4B73DBC2BDD31BD00A621FC /* Debug */,
				A4B73DBD2BDD31BD00A621FC /* Release */,
			);
			defaultConfigurationIsVisible = 0;
			defaultConfigurationName = Release;
		};
		A4B73DBE2BDD31BD00A621FC /* Build configuration list for PBXNativeTarget "Weather" */ = {
			isa = XCConfigurationList;
			buildConfigurations = (
				A4B73DBF2BDD31BD00A621FC /* Debug */,
				A4B73DC02BDD31BD00A621FC /* Release */,
			);
			defaultConfigurationIsVisible = 0;
			defaultConfigurationName = Release;
		};
/* End XCConfigurationList section */
	};
	rootObject = A4B73DA82BDD31BC00A621FC /* Project object */;
}
